
Microsoft Visual Studio Solution File, Format Version 12.00
# Visual Studio Version 17
VisualStudioVersion = 17.4.33213.308
MinimumVisualStudioVersion = 10.0.40219.1
Project("{FAE04EC0-301F-11D3-BF4B-00C04F79EFBC}") = "ServerUnity", "ServerUnity.csproj", "{ECE26668-80D5-4FBB-A749-D783F0277764}"
EndProject
Global
	GlobalSection(SolutionConfigurationPlatforms) = preSolution
		Debug|Any CPU = Debug|Any CPU
		Release|Any CPU = Release|Any CPU
	EndGlobalSection
	GlobalSection(ProjectConfigurationPlatforms) = postSolution
		{ECE26668-80D5-4FBB-A749-D783F0277764}.Debug|Any CPU.ActiveCfg = Debug|Any CPU
		{ECE26668-80D5-4FBB-A749-D783F0277764}.Debug|Any CPU.Build.0 = Debug|Any CPU
		{ECE26668-80D5-4FBB-A749-D783F0277764}.Release|Any CPU.ActiveCfg = Release|Any CPU
		{ECE26668-80D5-4FBB-A749-D783F0277764}.Release|Any CPU.Build.0 = Release|Any CPU
	EndGlobalSection
	GlobalSection(SolutionProperties) = preSolution
		HideSolutionNode = FALSE
	EndGlobalSection
	GlobalSection(ExtensibilityGlobals) = postSolution
		SolutionGuid = {9B0E916A-8663-4924-AF78-CAB841D23997}
	EndGlobalSection
EndGlobal
